
Microsoft Visual Studio Solution File, Format Version 10.00
# Visual Studio 2008
Project("{8BC9CEB8-8B4A-11D0-8D11-00A0C91BC942}") = "GoogleView", "GoogleView.vcproj", "{C69A4284-C168-4FFF-A8A2-09ADB0866F35}"
EndProject
Project("{8BC9CEB8-8B4A-11D0-8D11-00A0C91BC942}") = "base", "project\base.vcproj", "{73E8DF74-DA31-4D8A-AF18-808FE3BACA66}"
EndProject
Project("{2150E333-8FDC-42A3-9474-1A3956D46DE8}") = "Sample", "Sample", "{1FB7F589-1897-4306-8B04-DA053B6D96E0}"
EndProject
Project("{8BC9CEB8-8B4A-11D0-8D11-00A0C91BC942}") = "singleton", "Sample\test\test.vcproj", "{4D754C51-3D6D-4DFC-AC4A-C3747381BEA7}"
EndProject
Project("{8BC9CEB8-8B4A-11D0-8D11-00A0C91BC942}") = "scope_ptr", "Sample\scope_ptr\scope_ptr.vcproj", "{C978F006-5707-4BE6-BCB7-BB436326FEB6}"
EndProject
Project("{8BC9CEB8-8B4A-11D0-8D11-00A0C91BC942}") = "simpleThread", "Sample\simpleThread\simpleThread.vcproj", "{A0916EB6-371F-4023-9D27-0645397EC4EC}"
EndProject
Project("{8BC9CEB8-8B4A-11D0-8D11-00A0C91BC942}") = "sysInfo", "Sample\sysInfo\sysInfo.vcproj", "{418C282B-31F3-4129-A9DD-E4DA23E429A7}"
EndProject
Project("{8BC9CEB8-8B4A-11D0-8D11-00A0C91BC942}") = "commandLine", "Sample\commandLine\commandLine.vcproj", "{38AF0E2A-2603-4A49-B3B5-D3BBCA534E03}"
EndProject
Project("{8BC9CEB8-8B4A-11D0-8D11-00A0C91BC942}") = "logging", "Sample\logging\logging.vcproj", "{ABB0FF39-CDE4-4431-A43D-96B9EB60AA3A}"
EndProject
Project("{8BC9CEB8-8B4A-11D0-8D11-00A0C91BC942}") = "ObserverList", "Sample\Observer\Observer.vcproj", "{BD6A83BA-8C1F-49DF-ABDC-71DE6C04470C}"
EndProject
Project("{8BC9CEB8-8B4A-11D0-8D11-00A0C91BC942}") = "messageLoop", "Sample\messageLoop\messageLoop.vcproj", "{2CB24121-154A-4A8D-AD7B-9EAB82272698}"
EndProject
Project("{2150E333-8FDC-42A3-9474-1A3956D46DE8}") = "UI", "UI", "{0D3C9301-0AB5-449E-BB54-C347571B18B5}"
EndProject
Project("{8BC9CEB8-8B4A-11D0-8D11-00A0C91BC942}") = "skia", "skia\skia.vcproj", "{E3366BC7-A7CA-469E-BEF3-98BB13A185B2}"
EndProject
Project("{8BC9CEB8-8B4A-11D0-8D11-00A0C91BC942}") = "ui", "ui\ui.vcproj", "{1E15C31C-F662-609A-A716-7D5CCB40584C}"
EndProject
Project("{8BC9CEB8-8B4A-11D0-8D11-00A0C91BC942}") = "views", "views\views.vcproj", "{B3ADC834-EE38-A696-B209-60F52D4403C6}"
EndProject
Project("{2150E333-8FDC-42A3-9474-1A3956D46DE8}") = "UISample", "UISample", "{0AC6201B-6235-4CEC-8942-19092AF5711F}"
EndProject
Project("{8BC9CEB8-8B4A-11D0-8D11-00A0C91BC942}") = "views_examples", "views\views_examples.vcproj", "{998A7C13-36C6-7DB3-39E3-C7C8CA7AD5FB}"
EndProject
Project("{8BC9CEB8-8B4A-11D0-8D11-00A0C91BC942}") = "libpng", "third_party\libpng\libpng.vcproj", "{FE95CD64-28DF-F40D-0B1F-EAA422C3C62D}"
EndProject
Project("{8BC9CEB8-8B4A-11D0-8D11-00A0C91BC942}") = "zlib", "third_party\zlib\zlib.vcproj", "{450EFADB-729C-6DEB-3AAF-8CECBB410F1B}"
EndProject
Project("{8BC9CEB8-8B4A-11D0-8D11-00A0C91BC942}") = "resource_en", "Sample\MyResource\resource_en.vcproj", "{A144F1BB-4F49-69FF-40D7-739F183BADBE}"
EndProject
Global
	GlobalSection(SolutionConfigurationPlatforms) = preSolution
		Debug|Win32 = Debug|Win32
		Debug|x64 = Debug|x64
		Purify|Win32 = Purify|Win32
		Purify|x64 = Purify|x64
		Release|Win32 = Release|Win32
		Release|x64 = Release|x64
	EndGlobalSection
	GlobalSection(ProjectConfigurationPlatforms) = postSolution
		{C69A4284-C168-4FFF-A8A2-09ADB0866F35}.Debug|Win32.ActiveCfg = Debug|Win32
		{C69A4284-C168-4FFF-A8A2-09ADB0866F35}.Debug|Win32.Build.0 = Debug|Win32
		{C69A4284-C168-4FFF-A8A2-09ADB0866F35}.Debug|x64.ActiveCfg = Debug|Win32
		{C69A4284-C168-4FFF-A8A2-09ADB0866F35}.Purify|Win32.ActiveCfg = Release|Win32
		{C69A4284-C168-4FFF-A8A2-09ADB0866F35}.Purify|Win32.Build.0 = Release|Win32
		{C69A4284-C168-4FFF-A8A2-09ADB0866F35}.Purify|x64.ActiveCfg = Release|Win32
		{C69A4284-C168-4FFF-A8A2-09ADB0866F35}.Release|Win32.ActiveCfg = Release|Win32
		{C69A4284-C168-4FFF-A8A2-09ADB0866F35}.Release|Win32.Build.0 = Release|Win32
		{C69A4284-C168-4FFF-A8A2-09ADB0866F35}.Release|x64.ActiveCfg = Release|Win32
		{73E8DF74-DA31-4D8A-AF18-808FE3BACA66}.Debug|Win32.ActiveCfg = Debug|Win32
		{73E8DF74-DA31-4D8A-AF18-808FE3BACA66}.Debug|Win32.Build.0 = Debug|Win32
		{73E8DF74-DA31-4D8A-AF18-808FE3BACA66}.Debug|x64.ActiveCfg = Debug|Win32
		{73E8DF74-DA31-4D8A-AF18-808FE3BACA66}.Purify|Win32.ActiveCfg = Release|Win32
		{73E8DF74-DA31-4D8A-AF18-808FE3BACA66}.Purify|Win32.Build.0 = Release|Win32
		{73E8DF74-DA31-4D8A-AF18-808FE3BACA66}.Purify|x64.ActiveCfg = Release|Win32
		{73E8DF74-DA31-4D8A-AF18-808FE3BACA66}.Release|Win32.ActiveCfg = Release|Win32
		{73E8DF74-DA31-4D8A-AF18-808FE3BACA66}.Release|Win32.Build.0 = Release|Win32
		{73E8DF74-DA31-4D8A-AF18-808FE3BACA66}.Release|x64.ActiveCfg = Release|Win32
		{4D754C51-3D6D-4DFC-AC4A-C3747381BEA7}.Debug|Win32.ActiveCfg = Debug|Win32
		{4D754C51-3D6D-4DFC-AC4A-C3747381BEA7}.Debug|Win32.Build.0 = Debug|Win32
		{4D754C51-3D6D-4DFC-AC4A-C3747381BEA7}.Debug|x64.ActiveCfg = Debug|Win32
		{4D754C51-3D6D-4DFC-AC4A-C3747381BEA7}.Purify|Win32.ActiveCfg = Release|Win32
		{4D754C51-3D6D-4DFC-AC4A-C3747381BEA7}.Purify|Win32.Build.0 = Release|Win32
		{4D754C51-3D6D-4DFC-AC4A-C3747381BEA7}.Purify|x64.ActiveCfg = Release|Win32
		{4D754C51-3D6D-4DFC-AC4A-C3747381BEA7}.Release|Win32.ActiveCfg = Release|Win32
		{4D754C51-3D6D-4DFC-AC4A-C3747381BEA7}.Release|Win32.Build.0 = Release|Win32
		{4D754C51-3D6D-4DFC-AC4A-C3747381BEA7}.Release|x64.ActiveCfg = Release|Win32
		{C978F006-5707-4BE6-BCB7-BB436326FEB6}.Debug|Win32.ActiveCfg = Debug|Win32
		{C978F006-5707-4BE6-BCB7-BB436326FEB6}.Debug|Win32.Build.0 = Debug|Win32
		{C978F006-5707-4BE6-BCB7-BB436326FEB6}.Debug|x64.ActiveCfg = Debug|Win32
		{C978F006-5707-4BE6-BCB7-BB436326FEB6}.Purify|Win32.ActiveCfg = Release|Win32
		{C978F006-5707-4BE6-BCB7-BB436326FEB6}.Purify|Win32.Build.0 = Release|Win32
		{C978F006-5707-4BE6-BCB7-BB436326FEB6}.Purify|x64.ActiveCfg = Release|Win32
		{C978F006-5707-4BE6-BCB7-BB436326FEB6}.Release|Win32.ActiveCfg = Release|Win32
		{C978F006-5707-4BE6-BCB7-BB436326FEB6}.Release|Win32.Build.0 = Release|Win32
		{C978F006-5707-4BE6-BCB7-BB436326FEB6}.Release|x64.ActiveCfg = Release|Win32
		{A0916EB6-371F-4023-9D27-0645397EC4EC}.Debug|Win32.ActiveCfg = Debug|Win32
		{A0916EB6-371F-4023-9D27-0645397EC4EC}.Debug|Win32.Build.0 = Debug|Win32
		{A0916EB6-371F-4023-9D27-0645397EC4EC}.Debug|x64.ActiveCfg = Debug|Win32
		{A0916EB6-371F-4023-9D27-0645397EC4EC}.Purify|Win32.ActiveCfg = Release|Win32
		{A0916EB6-371F-4023-9D27-0645397EC4EC}.Purify|Win32.Build.0 = Release|Win32
		{A0916EB6-371F-4023-9D27-0645397EC4EC}.Purify|x64.ActiveCfg = Release|Win32
		{A0916EB6-371F-4023-9D27-0645397EC4EC}.Release|Win32.ActiveCfg = Release|Win32
		{A0916EB6-371F-4023-9D27-0645397EC4EC}.Release|Win32.Build.0 = Release|Win32
		{A0916EB6-371F-4023-9D27-0645397EC4EC}.Release|x64.ActiveCfg = Release|Win32
		{418C282B-31F3-4129-A9DD-E4DA23E429A7}.Debug|Win32.ActiveCfg = Debug|Win32
		{418C282B-31F3-4129-A9DD-E4DA23E429A7}.Debug|Win32.Build.0 = Debug|Win32
		{418C282B-31F3-4129-A9DD-E4DA23E429A7}.Debug|x64.ActiveCfg = Debug|Win32
		{418C282B-31F3-4129-A9DD-E4DA23E429A7}.Purify|Win32.ActiveCfg = Release|Win32
		{418C282B-31F3-4129-A9DD-E4DA23E429A7}.Purify|Win32.Build.0 = Release|Win32
		{418C282B-31F3-4129-A9DD-E4DA23E429A7}.Purify|x64.ActiveCfg = Release|Win32
		{418C282B-31F3-4129-A9DD-E4DA23E429A7}.Release|Win32.ActiveCfg = Release|Win32
		{418C282B-31F3-4129-A9DD-E4DA23E429A7}.Release|Win32.Build.0 = Release|Win32
		{418C282B-31F3-4129-A9DD-E4DA23E429A7}.Release|x64.ActiveCfg = Release|Win32
		{38AF0E2A-2603-4A49-B3B5-D3BBCA534E03}.Debug|Win32.ActiveCfg = Debug|Win32
		{38AF0E2A-2603-4A49-B3B5-D3BBCA534E03}.Debug|Win32.Build.0 = Debug|Win32
		{38AF0E2A-2603-4A49-B3B5-D3BBCA534E03}.Debug|x64.ActiveCfg = Debug|Win32
		{38AF0E2A-2603-4A49-B3B5-D3BBCA534E03}.Purify|Win32.ActiveCfg = Release|Win32
		{38AF0E2A-2603-4A49-B3B5-D3BBCA534E03}.Purify|Win32.Build.0 = Release|Win32
		{38AF0E2A-2603-4A49-B3B5-D3BBCA534E03}.Purify|x64.ActiveCfg = Release|Win32
		{38AF0E2A-2603-4A49-B3B5-D3BBCA534E03}.Release|Win32.ActiveCfg = Release|Win32
		{38AF0E2A-2603-4A49-B3B5-D3BBCA534E03}.Release|Win32.Build.0 = Release|Win32
		{38AF0E2A-2603-4A49-B3B5-D3BBCA534E03}.Release|x64.ActiveCfg = Release|Win32
		{ABB0FF39-CDE4-4431-A43D-96B9EB60AA3A}.Debug|Win32.ActiveCfg = Debug|Win32
		{ABB0FF39-CDE4-4431-A43D-96B9EB60AA3A}.Debug|Win32.Build.0 = Debug|Win32
		{ABB0FF39-CDE4-4431-A43D-96B9EB60AA3A}.Debug|x64.ActiveCfg = Debug|Win32
		{ABB0FF39-CDE4-4431-A43D-96B9EB60AA3A}.Purify|Win32.ActiveCfg = Release|Win32
		{ABB0FF39-CDE4-4431-A43D-96B9EB60AA3A}.Purify|Win32.Build.0 = Release|Win32
		{ABB0FF39-CDE4-4431-A43D-96B9EB60AA3A}.Purify|x64.ActiveCfg = Release|Win32
		{ABB0FF39-CDE4-4431-A43D-96B9EB60AA3A}.Release|Win32.ActiveCfg = Release|Win32
		{ABB0FF39-CDE4-4431-A43D-96B9EB60AA3A}.Release|Win32.Build.0 = Release|Win32
		{ABB0FF39-CDE4-4431-A43D-96B9EB60AA3A}.Release|x64.ActiveCfg = Release|Win32
		{BD6A83BA-8C1F-49DF-ABDC-71DE6C04470C}.Debug|Win32.ActiveCfg = Debug|Win32
		{BD6A83BA-8C1F-49DF-ABDC-71DE6C04470C}.Debug|Win32.Build.0 = Debug|Win32
		{BD6A83BA-8C1F-49DF-ABDC-71DE6C04470C}.Debug|x64.ActiveCfg = Debug|Win32
		{BD6A83BA-8C1F-49DF-ABDC-71DE6C04470C}.Purify|Win32.ActiveCfg = Release|Win32
		{BD6A83BA-8C1F-49DF-ABDC-71DE6C04470C}.Purify|Win32.Build.0 = Release|Win32
		{BD6A83BA-8C1F-49DF-ABDC-71DE6C04470C}.Purify|x64.ActiveCfg = Release|Win32
		{BD6A83BA-8C1F-49DF-ABDC-71DE6C04470C}.Release|Win32.ActiveCfg = Release|Win32
		{BD6A83BA-8C1F-49DF-ABDC-71DE6C04470C}.Release|Win32.Build.0 = Release|Win32
		{BD6A83BA-8C1F-49DF-ABDC-71DE6C04470C}.Release|x64.ActiveCfg = Release|Win32
		{2CB24121-154A-4A8D-AD7B-9EAB82272698}.Debug|Win32.ActiveCfg = Debug|Win32
		{2CB24121-154A-4A8D-AD7B-9EAB82272698}.Debug|Win32.Build.0 = Debug|Win32
		{2CB24121-154A-4A8D-AD7B-9EAB82272698}.Debug|x64.ActiveCfg = Debug|Win32
		{2CB24121-154A-4A8D-AD7B-9EAB82272698}.Purify|Win32.ActiveCfg = Release|Win32
		{2CB24121-154A-4A8D-AD7B-9EAB82272698}.Purify|Win32.Build.0 = Release|Win32
		{2CB24121-154A-4A8D-AD7B-9EAB82272698}.Purify|x64.ActiveCfg = Release|Win32
		{2CB24121-154A-4A8D-AD7B-9EAB82272698}.Release|Win32.ActiveCfg = Release|Win32
		{2CB24121-154A-4A8D-AD7B-9EAB82272698}.Release|Win32.Build.0 = Release|Win32
		{2CB24121-154A-4A8D-AD7B-9EAB82272698}.Release|x64.ActiveCfg = Release|Win32
		{E3366BC7-A7CA-469E-BEF3-98BB13A185B2}.Debug|Win32.ActiveCfg = Debug|Win32
		{E3366BC7-A7CA-469E-BEF3-98BB13A185B2}.Debug|Win32.Build.0 = Debug|Win32
		{E3366BC7-A7CA-469E-BEF3-98BB13A185B2}.Debug|x64.ActiveCfg = Debug|Win32
		{E3366BC7-A7CA-469E-BEF3-98BB13A185B2}.Purify|Win32.ActiveCfg = Release|Win32
		{E3366BC7-A7CA-469E-BEF3-98BB13A185B2}.Purify|Win32.Build.0 = Release|Win32
		{E3366BC7-A7CA-469E-BEF3-98BB13A185B2}.Purify|x64.ActiveCfg = Release|Win32
		{E3366BC7-A7CA-469E-BEF3-98BB13A185B2}.Release|Win32.ActiveCfg = Release|Win32
		{E3366BC7-A7CA-469E-BEF3-98BB13A185B2}.Release|Win32.Build.0 = Release|Win32
		{E3366BC7-A7CA-469E-BEF3-98BB13A185B2}.Release|x64.ActiveCfg = Release|Win32
		{1E15C31C-F662-609A-A716-7D5CCB40584C}.Debug|Win32.ActiveCfg = Debug|Win32
		{1E15C31C-F662-609A-A716-7D5CCB40584C}.Debug|Win32.Build.0 = Debug|Win32
		{1E15C31C-F662-609A-A716-7D5CCB40584C}.Debug|x64.ActiveCfg = Debug|x64
		{1E15C31C-F662-609A-A716-7D5CCB40584C}.Debug|x64.Build.0 = Debug|x64
		{1E15C31C-F662-609A-A716-7D5CCB40584C}.Purify|Win32.ActiveCfg = Purify|Win32
		{1E15C31C-F662-609A-A716-7D5CCB40584C}.Purify|Win32.Build.0 = Purify|Win32
		{1E15C31C-F662-609A-A716-7D5CCB40584C}.Purify|x64.ActiveCfg = Purify|x64
		{1E15C31C-F662-609A-A716-7D5CCB40584C}.Purify|x64.Build.0 = Purify|x64
		{1E15C31C-F662-609A-A716-7D5CCB40584C}.Release|Win32.ActiveCfg = Release|Win32
		{1E15C31C-F662-609A-A716-7D5CCB40584C}.Release|Win32.Build.0 = Release|Win32
		{1E15C31C-F662-609A-A716-7D5CCB40584C}.Release|x64.ActiveCfg = Release|x64
		{1E15C31C-F662-609A-A716-7D5CCB40584C}.Release|x64.Build.0 = Release|x64
		{B3ADC834-EE38-A696-B209-60F52D4403C6}.Debug|Win32.ActiveCfg = Debug|Win32
		{B3ADC834-EE38-A696-B209-60F52D4403C6}.Debug|Win32.Build.0 = Debug|Win32
		{B3ADC834-EE38-A696-B209-60F52D4403C6}.Debug|x64.ActiveCfg = Debug|x64
		{B3ADC834-EE38-A696-B209-60F52D4403C6}.Debug|x64.Build.0 = Debug|x64
		{B3ADC834-EE38-A696-B209-60F52D4403C6}.Purify|Win32.ActiveCfg = Purify|Win32
		{B3ADC834-EE38-A696-B209-60F52D4403C6}.Purify|Win32.Build.0 = Purify|Win32
		{B3ADC834-EE38-A696-B209-60F52D4403C6}.Purify|x64.ActiveCfg = Purify|x64
		{B3ADC834-EE38-A696-B209-60F52D4403C6}.Purify|x64.Build.0 = Purify|x64
		{B3ADC834-EE38-A696-B209-60F52D4403C6}.Release|Win32.ActiveCfg = Release|Win32
		{B3ADC834-EE38-A696-B209-60F52D4403C6}.Release|Win32.Build.0 = Release|Win32
		{B3ADC834-EE38-A696-B209-60F52D4403C6}.Release|x64.ActiveCfg = Release|x64
		{B3ADC834-EE38-A696-B209-60F52D4403C6}.Release|x64.Build.0 = Release|x64
		{998A7C13-36C6-7DB3-39E3-C7C8CA7AD5FB}.Debug|Win32.ActiveCfg = Debug|Win32
		{998A7C13-36C6-7DB3-39E3-C7C8CA7AD5FB}.Debug|Win32.Build.0 = Debug|Win32
		{998A7C13-36C6-7DB3-39E3-C7C8CA7AD5FB}.Debug|x64.ActiveCfg = Debug|x64
		{998A7C13-36C6-7DB3-39E3-C7C8CA7AD5FB}.Debug|x64.Build.0 = Debug|x64
		{998A7C13-36C6-7DB3-39E3-C7C8CA7AD5FB}.Purify|Win32.ActiveCfg = Purify|Win32
		{998A7C13-36C6-7DB3-39E3-C7C8CA7AD5FB}.Purify|Win32.Build.0 = Purify|Win32
		{998A7C13-36C6-7DB3-39E3-C7C8CA7AD5FB}.Purify|x64.ActiveCfg = Purify|x64
		{998A7C13-36C6-7DB3-39E3-C7C8CA7AD5FB}.Purify|x64.Build.0 = Purify|x64
		{998A7C13-36C6-7DB3-39E3-C7C8CA7AD5FB}.Release|Win32.ActiveCfg = Release|Win32
		{998A7C13-36C6-7DB3-39E3-C7C8CA7AD5FB}.Release|Win32.Build.0 = Release|Win32
		{998A7C13-36C6-7DB3-39E3-C7C8CA7AD5FB}.Release|x64.ActiveCfg = Release|x64
		{998A7C13-36C6-7DB3-39E3-C7C8CA7AD5FB}.Release|x64.Build.0 = Release|x64
		{FE95CD64-28DF-F40D-0B1F-EAA422C3C62D}.Debug|Win32.ActiveCfg = Debug|Win32
		{FE95CD64-28DF-F40D-0B1F-EAA422C3C62D}.Debug|Win32.Build.0 = Debug|Win32
		{FE95CD64-28DF-F40D-0B1F-EAA422C3C62D}.Debug|x64.ActiveCfg = Debug|x64
		{FE95CD64-28DF-F40D-0B1F-EAA422C3C62D}.Debug|x64.Build.0 = Debug|x64
		{FE95CD64-28DF-F40D-0B1F-EAA422C3C62D}.Purify|Win32.ActiveCfg = Purify|Win32
		{FE95CD64-28DF-F40D-0B1F-EAA422C3C62D}.Purify|Win32.Build.0 = Purify|Win32
		{FE95CD64-28DF-F40D-0B1F-EAA422C3C62D}.Purify|x64.ActiveCfg = Purify|x64
		{FE95CD64-28DF-F40D-0B1F-EAA422C3C62D}.Purify|x64.Build.0 = Purify|x64
		{FE95CD64-28DF-F40D-0B1F-EAA422C3C62D}.Release|Win32.ActiveCfg = Release|Win32
		{FE95CD64-28DF-F40D-0B1F-EAA422C3C62D}.Release|Win32.Build.0 = Release|Win32
		{FE95CD64-28DF-F40D-0B1F-EAA422C3C62D}.Release|x64.ActiveCfg = Release|x64
		{FE95CD64-28DF-F40D-0B1F-EAA422C3C62D}.Release|x64.Build.0 = Release|x64
		{450EFADB-729C-6DEB-3AAF-8CECBB410F1B}.Debug|Win32.ActiveCfg = Debug|Win32
		{450EFADB-729C-6DEB-3AAF-8CECBB410F1B}.Debug|Win32.Build.0 = Debug|Win32
		{450EFADB-729C-6DEB-3AAF-8CECBB410F1B}.Debug|x64.ActiveCfg = Debug|x64
		{450EFADB-729C-6DEB-3AAF-8CECBB410F1B}.Debug|x64.Build.0 = Debug|x64
		{450EFADB-729C-6DEB-3AAF-8CECBB410F1B}.Purify|Win32.ActiveCfg = Purify|Win32
		{450EFADB-729C-6DEB-3AAF-8CECBB410F1B}.Purify|Win32.Build.0 = Purify|Win32
		{450EFADB-729C-6DEB-3AAF-8CECBB410F1B}.Purify|x64.ActiveCfg = Purify|x64
		{450EFADB-729C-6DEB-3AAF-8CECBB410F1B}.Purify|x64.Build.0 = Purify|x64
		{450EFADB-729C-6DEB-3AAF-8CECBB410F1B}.Release|Win32.ActiveCfg = Release|Win32
		{450EFADB-729C-6DEB-3AAF-8CECBB410F1B}.Release|Win32.Build.0 = Release|Win32
		{450EFADB-729C-6DEB-3AAF-8CECBB410F1B}.Release|x64.ActiveCfg = Release|x64
		{450EFADB-729C-6DEB-3AAF-8CECBB410F1B}.Release|x64.Build.0 = Release|x64
		{A144F1BB-4F49-69FF-40D7-739F183BADBE}.Debug|Win32.ActiveCfg = Debug|Win32
		{A144F1BB-4F49-69FF-40D7-739F183BADBE}.Debug|Win32.Build.0 = Debug|Win32
		{A144F1BB-4F49-69FF-40D7-739F183BADBE}.Debug|x64.ActiveCfg = Debug|x64
		{A144F1BB-4F49-69FF-40D7-739F183BADBE}.Debug|x64.Build.0 = Debug|x64
		{A144F1BB-4F49-69FF-40D7-739F183BADBE}.Purify|Win32.ActiveCfg = Purify|Win32
		{A144F1BB-4F49-69FF-40D7-739F183BADBE}.Purify|Win32.Build.0 = Purify|Win32
		{A144F1BB-4F49-69FF-40D7-739F183BADBE}.Purify|x64.ActiveCfg = Purify|x64
		{A144F1BB-4F49-69FF-40D7-739F183BADBE}.Purify|x64.Build.0 = Purify|x64
		{A144F1BB-4F49-69FF-40D7-739F183BADBE}.Release|Win32.ActiveCfg = Release|Win32
		{A144F1BB-4F49-69FF-40D7-739F183BADBE}.Release|Win32.Build.0 = Release|Win32
		{A144F1BB-4F49-69FF-40D7-739F183BADBE}.Release|x64.ActiveCfg = Release|x64
		{A144F1BB-4F49-69FF-40D7-739F183BADBE}.Release|x64.Build.0 = Release|x64
	EndGlobalSection
	GlobalSection(SolutionProperties) = preSolution
		HideSolutionNode = FALSE
	EndGlobalSection
	GlobalSection(NestedProjects) = preSolution
		{4D754C51-3D6D-4DFC-AC4A-C3747381BEA7} = {1FB7F589-1897-4306-8B04-DA053B6D96E0}
		{C978F006-5707-4BE6-BCB7-BB436326FEB6} = {1FB7F589-1897-4306-8B04-DA053B6D96E0}
		{A0916EB6-371F-4023-9D27-0645397EC4EC} = {1FB7F589-1897-4306-8B04-DA053B6D96E0}
		{418C282B-31F3-4129-A9DD-E4DA23E429A7} = {1FB7F589-1897-4306-8B04-DA053B6D96E0}
		{38AF0E2A-2603-4A49-B3B5-D3BBCA534E03} = {1FB7F589-1897-4306-8B04-DA053B6D96E0}
		{ABB0FF39-CDE4-4431-A43D-96B9EB60AA3A} = {1FB7F589-1897-4306-8B04-DA053B6D96E0}
		{BD6A83BA-8C1F-49DF-ABDC-71DE6C04470C} = {1FB7F589-1897-4306-8B04-DA053B6D96E0}
		{2CB24121-154A-4A8D-AD7B-9EAB82272698} = {1FB7F589-1897-4306-8B04-DA053B6D96E0}
		{E3366BC7-A7CA-469E-BEF3-98BB13A185B2} = {0D3C9301-0AB5-449E-BB54-C347571B18B5}
		{1E15C31C-F662-609A-A716-7D5CCB40584C} = {0D3C9301-0AB5-449E-BB54-C347571B18B5}
		{B3ADC834-EE38-A696-B209-60F52D4403C6} = {0D3C9301-0AB5-449E-BB54-C347571B18B5}
		{FE95CD64-28DF-F40D-0B1F-EAA422C3C62D} = {0D3C9301-0AB5-449E-BB54-C347571B18B5}
		{450EFADB-729C-6DEB-3AAF-8CECBB410F1B} = {0D3C9301-0AB5-449E-BB54-C347571B18B5}
		{998A7C13-36C6-7DB3-39E3-C7C8CA7AD5FB} = {0AC6201B-6235-4CEC-8942-19092AF5711F}
		{A144F1BB-4F49-69FF-40D7-739F183BADBE} = {0AC6201B-6235-4CEC-8942-19092AF5711F}
	EndGlobalSection
EndGlobal
